
Microsoft Visual Studio Solution File, Format Version 12.00
# Visual Studio Version 16
VisualStudioVersion = 16.0.30517.126
MinimumVisualStudioVersion = 10.0.40219.1
Project("{FAE04EC0-301F-11D3-BF4B-00C04F79EFBC}") = "FridgeDB2", "FridgeDB2\FridgeDB2.csproj", "{84ACE392-D9DC-4103-BBB5-41611B46C0E7}"
EndProject
Global
	GlobalSection(SolutionConfigurationPlatforms) = preSolution
		Debug|Any CPU = Debug|Any CPU
		Release|Any CPU = Release|Any CPU
	EndGlobalSection
	GlobalSection(ProjectConfigurationPlatforms) = postSolution
		{84ACE392-D9DC-4103-BBB5-41611B46C0E7}.Debug|Any CPU.ActiveCfg = Debug|Any CPU
		{84ACE392-D9DC-4103-BBB5-41611B46C0E7}.Debug|Any CPU.Build.0 = Debug|Any CPU
		{84ACE392-D9DC-4103-BBB5-41611B46C0E7}.Release|Any CPU.ActiveCfg = Release|Any CPU
		{84ACE392-D9DC-4103-BBB5-41611B46C0E7}.Release|Any CPU.Build.0 = Release|Any CPU
	EndGlobalSection
	GlobalSection(SolutionProperties) = preSolution
		HideSolutionNode = FALSE
	EndGlobalSection
	GlobalSection(ExtensibilityGlobals) = postSolution
		SolutionGuid = {CCAD4A9D-6DD4-486E-8854-B0CA8B16B8B5}
	EndGlobalSection
EndGlobal
